Microsoft Visual Studio Solution File, Format Version 12.00
# Visual Studio Version 17
VisualStudioVersion = 17.5.2.0
MinimumVisualStudioVersion = 10.0.40219.1
Project("{FAE04EC0-301F-11D3-BF4B-00C04F79EFBC}") = "Kafka.Producer.API", "Kafka.Producer.API\Kafka.Producer.API.csproj", "{91544856-D0A6-0704-FCA5-EFC7D7E4C5A6}"
EndProject
Global
	GlobalSection(SolutionConfigurationPlatforms) = preSolution
		Debug|Any CPU = Debug|Any CPU
		Release|Any CPU = Release|Any CPU
	EndGlobalSection
	GlobalSection(ProjectConfigurationPlatforms) = postSolution
		{91544856-D0A6-0704-FCA5-EFC7D7E4C5A6}.Debug|Any CPU.ActiveCfg = Debug|Any CPU
		{91544856-D0A6-0704-FCA5-EFC7D7E4C5A6}.Debug|Any CPU.Build.0 = Debug|Any CPU
		{91544856-D0A6-0704-FCA5-EFC7D7E4C5A6}.Release|Any CPU.ActiveCfg = Release|Any CPU
		{91544856-D0A6-0704-FCA5-EFC7D7E4C5A6}.Release|Any CPU.Build.0 = Release|Any CPU
	EndGlobalSection
	GlobalSection(SolutionProperties) = preSolution
		HideSolutionNode = FALSE
	EndGlobalSection
	GlobalSection(ExtensibilityGlobals) = postSolution
		SolutionGuid = {BC6C76D0-9F13-4EB9-8915-A38645945969}
	EndGlobalSection
EndGlobal
