Microsoft Visual Studio Solution File, Format Version 12.00
# Visual Studio Version 17
VisualStudioVersion = 17.5.2.0
MinimumVisualStudioVersion = 10.0.40219.1
Project("{FAE04EC0-301F-11D3-BF4B-00C04F79EFBC}") = "Kafka.Consumer.Console", "Kafka.Consumer.Console.csproj", "{616CF89A-2BFE-FB4B-B004-54E8ABA786E4}"
EndProject
Global
	GlobalSection(SolutionConfigurationPlatforms) = preSolution
		Debug|Any CPU = Debug|Any CPU
		Release|Any CPU = Release|Any CPU
	EndGlobalSection
	GlobalSection(ProjectConfigurationPlatforms) = postSolution
		{616CF89A-2BFE-FB4B-B004-54E8ABA786E4}.Debug|Any CPU.ActiveCfg = Debug|Any CPU
		{616CF89A-2BFE-FB4B-B004-54E8ABA786E4}.Debug|Any CPU.Build.0 = Debug|Any CPU
		{616CF89A-2BFE-FB4B-B004-54E8ABA786E4}.Release|Any CPU.ActiveCfg = Release|Any CPU
		{616CF89A-2BFE-FB4B-B004-54E8ABA786E4}.Release|Any CPU.Build.0 = Release|Any CPU
	EndGlobalSection
	GlobalSection(SolutionProperties) = preSolution
		HideSolutionNode = FALSE
	EndGlobalSection
	GlobalSection(ExtensibilityGlobals) = postSolution
		SolutionGuid = {637AFBE2-9CEB-4D0F-A6DD-C17914DD2A64}
	EndGlobalSection
EndGlobal
