Microsoft Visual Studio Solution File, Format Version 12.00
# Visual Studio Version 17
VisualStudioVersion = 17.5.2.0
MinimumVisualStudioVersion = 10.0.40219.1
Project("{FAE04EC0-301F-11D3-BF4B-00C04F79EFBC}") = "Kafka.Producer.API", "Kafka.Producer.API.csproj", "{61DD54F6-76F2-C4E2-2096-4A7152F0FFF2}"
EndProject
Global
	GlobalSection(SolutionConfigurationPlatforms) = preSolution
		Debug|Any CPU = Debug|Any CPU
		Release|Any CPU = Release|Any CPU
	EndGlobalSection
	GlobalSection(ProjectConfigurationPlatforms) = postSolution
		{61DD54F6-76F2-C4E2-2096-4A7152F0FFF2}.Debug|Any CPU.ActiveCfg = Debug|Any CPU
		{61DD54F6-76F2-C4E2-2096-4A7152F0FFF2}.Debug|Any CPU.Build.0 = Debug|Any CPU
		{61DD54F6-76F2-C4E2-2096-4A7152F0FFF2}.Release|Any CPU.ActiveCfg = Release|Any CPU
		{61DD54F6-76F2-C4E2-2096-4A7152F0FFF2}.Release|Any CPU.Build.0 = Release|Any CPU
	EndGlobalSection
	GlobalSection(SolutionProperties) = preSolution
		HideSolutionNode = FALSE
	EndGlobalSection
	GlobalSection(ExtensibilityGlobals) = postSolution
		SolutionGuid = {C370294C-3941-4083-AD7C-6BEF2F25B9B9}
	EndGlobalSection
EndGlobal
